version: 6
environments:
  default:
    channels:
    - url: https://prefix.dev/conda-forge/
    packages: {}
  docs:
    channels:
    - url: https://prefix.dev/conda-forge/
    packages: {}
  py310:
    channels:
    - url: https://prefix.dev/conda-forge/
    packages: {}
  py311:
    channels:
    - url: https://prefix.dev/conda-forge/
    packages: {}
  py312:
    channels:
    - url: https://prefix.dev/conda-forge/
    packages: {}
  release:
    channels:
    - url: https://prefix.dev/conda-forge/
    packages: {}
packages: []
